
Microsoft Visual Studio Solution File, Format Version 12.00
# Visual Studio Version 17
VisualStudioVersion = 17.7.34031.279
MinimumVisualStudioVersion = 10.0.40219.1
Project("{FAE04EC0-301F-11D3-BF4B-00C04F79EFBC}") = "NervousBreakdown", "NervousBreakdown\NervousBreakdown.csproj", "{7903AB68-A6CE-42B0-AC84-877D352500CE}"
EndProject
Global
	GlobalSection(SolutionConfigurationPlatforms) = preSolution
		Debug|Any CPU = Debug|Any CPU
		Release|Any CPU = Release|Any CPU
	EndGlobalSection
	GlobalSection(ProjectConfigurationPlatforms) = postSolution
		{7903AB68-A6CE-42B0-AC84-877D352500CE}.Debug|Any CPU.ActiveCfg = Debug|Any CPU
		{7903AB68-A6CE-42B0-AC84-877D352500CE}.Debug|Any CPU.Build.0 = Debug|Any CPU
		{7903AB68-A6CE-42B0-AC84-877D352500CE}.Release|Any CPU.ActiveCfg = Release|Any CPU
		{7903AB68-A6CE-42B0-AC84-877D352500CE}.Release|Any CPU.Build.0 = Release|Any CPU
	EndGlobalSection
	GlobalSection(SolutionProperties) = preSolution
		HideSolutionNode = FALSE
	EndGlobalSection
	GlobalSection(ExtensibilityGlobals) = postSolution
		SolutionGuid = {BFFFB70E-A0F4-4784-8450-73FDA100F3F8}
	EndGlobalSection
EndGlobal
